
Microsoft Visual Studio Solution File, Format Version 12.00
# Visual Studio 15
VisualStudioVersion = 15.0.28010.2036
MinimumVisualStudioVersion = 10.0.40219.1
Project("{FAE04EC0-301F-11D3-BF4B-00C04F79EFBC}") = "PERSON", "PERSON\PERSON.csproj", "{4C48832A-5291-45A9-9225-94E6122D7242}"
EndProject
Project("{FAE04EC0-301F-11D3-BF4B-00C04F79EFBC}") = "PERSONMANAGER", "PERSONMANAGER\PERSONMANAGER.csproj", "{4BA8DD61-CB01-412B-B408-E8DC3A3D9A43}"
EndProject
Project("{FAE04EC0-301F-11D3-BF4B-00C04F79EFBC}") = "NORTHWND", "MANAGERS\NORTHWND.csproj", "{9AC8D986-8124-46B2-8133-6E943C502853}"
EndProject
Project("{FAE04EC0-301F-11D3-BF4B-00C04F79EFBC}") = "VIEWFORM", "VIEWFORM\VIEWFORM.csproj", "{425A4910-46DC-418E-9BCC-C9C1BA5CA4AD}"
EndProject
Global
	GlobalSection(SolutionConfigurationPlatforms) = preSolution
		Debug|Any CPU = Debug|Any CPU
		Release|Any CPU = Release|Any CPU
	EndGlobalSection
	GlobalSection(ProjectConfigurationPlatforms) = postSolution
		{4C48832A-5291-45A9-9225-94E6122D7242}.Debug|Any CPU.ActiveCfg = Debug|Any CPU
		{4C48832A-5291-45A9-9225-94E6122D7242}.Debug|Any CPU.Build.0 = Debug|Any CPU
		{4C48832A-5291-45A9-9225-94E6122D7242}.Release|Any CPU.ActiveCfg = Release|Any CPU
		{4C48832A-5291-45A9-9225-94E6122D7242}.Release|Any CPU.Build.0 = Release|Any CPU
		{4BA8DD61-CB01-412B-B408-E8DC3A3D9A43}.Debug|Any CPU.ActiveCfg = Debug|Any CPU
		{4BA8DD61-CB01-412B-B408-E8DC3A3D9A43}.Debug|Any CPU.Build.0 = Debug|Any CPU
		{4BA8DD61-CB01-412B-B408-E8DC3A3D9A43}.Release|Any CPU.ActiveCfg = Release|Any CPU
		{4BA8DD61-CB01-412B-B408-E8DC3A3D9A43}.Release|Any CPU.Build.0 = Release|Any CPU
		{9AC8D986-8124-46B2-8133-6E943C502853}.Debug|Any CPU.ActiveCfg = Debug|Any CPU
		{9AC8D986-8124-46B2-8133-6E943C502853}.Debug|Any CPU.Build.0 = Debug|Any CPU
		{9AC8D986-8124-46B2-8133-6E943C502853}.Release|Any CPU.ActiveCfg = Release|Any CPU
		{9AC8D986-8124-46B2-8133-6E943C502853}.Release|Any CPU.Build.0 = Release|Any CPU
		{425A4910-46DC-418E-9BCC-C9C1BA5CA4AD}.Debug|Any CPU.ActiveCfg = Debug|Any CPU
		{425A4910-46DC-418E-9BCC-C9C1BA5CA4AD}.Debug|Any CPU.Build.0 = Debug|Any CPU
		{425A4910-46DC-418E-9BCC-C9C1BA5CA4AD}.Release|Any CPU.ActiveCfg = Release|Any CPU
		{425A4910-46DC-418E-9BCC-C9C1BA5CA4AD}.Release|Any CPU.Build.0 = Release|Any CPU
	EndGlobalSection
	GlobalSection(SolutionProperties) = preSolution
		HideSolutionNode = FALSE
	EndGlobalSection
	GlobalSection(ExtensibilityGlobals) = postSolution
		SolutionGuid = {78EFB7D6-D5CF-4D78-8E21-E5913B50D6CD}
	EndGlobalSection
EndGlobal
